
Microsoft Visual Studio Solution File, Format Version 12.00
# Visual Studio Version 17
VisualStudioVersion = 17.7.34024.191
MinimumVisualStudioVersion = 10.0.40219.1
Project("{FAE04EC0-301F-11D3-BF4B-00C04F79EFBC}") = "ListBoxDeneme", "ListBoxDeneme\ListBoxDeneme.csproj", "{7368863A-26CF-4A72-8464-04A60B0B32F6}"
EndProject
Global
	GlobalSection(SolutionConfigurationPlatforms) = preSolution
		Debug|Any CPU = Debug|Any CPU
		Release|Any CPU = Release|Any CPU
	EndGlobalSection
	GlobalSection(ProjectConfigurationPlatforms) = postSolution
		{7368863A-26CF-4A72-8464-04A60B0B32F6}.Debug|Any CPU.ActiveCfg = Debug|Any CPU
		{7368863A-26CF-4A72-8464-04A60B0B32F6}.Debug|Any CPU.Build.0 = Debug|Any CPU
		{7368863A-26CF-4A72-8464-04A60B0B32F6}.Release|Any CPU.ActiveCfg = Release|Any CPU
		{7368863A-26CF-4A72-8464-04A60B0B32F6}.Release|Any CPU.Build.0 = Release|Any CPU
	EndGlobalSection
	GlobalSection(SolutionProperties) = preSolution
		HideSolutionNode = FALSE
	EndGlobalSection
	GlobalSection(ExtensibilityGlobals) = postSolution
		SolutionGuid = {9396497C-A5B4-430F-B799-D1517BAF59F0}
	EndGlobalSection
EndGlobal
